
Microsoft Visual Studio Solution File, Format Version 12.00
# Visual Studio Version 16
VisualStudioVersion = 25.0.1700.3
MinimumVisualStudioVersion = 10.0.40219.1
Project("{FAE04EC0-301F-11D3-BF4B-00C04F79EFBC}") = "WebApi-1", "WebApi-1.csproj", "{66BDB47D-3F0A-4796-B7D3-7812A740E943}"
EndProject
Global
	GlobalSection(SolutionConfigurationPlatforms) = preSolution
		Debug|Any CPU = Debug|Any CPU
		Release|Any CPU = Release|Any CPU
	EndGlobalSection
	GlobalSection(ProjectConfigurationPlatforms) = postSolution
		{66BDB47D-3F0A-4796-B7D3-7812A740E943}.Debug|Any CPU.ActiveCfg = Debug|Any CPU
		{66BDB47D-3F0A-4796-B7D3-7812A740E943}.Debug|Any CPU.Build.0 = Debug|Any CPU
		{66BDB47D-3F0A-4796-B7D3-7812A740E943}.Release|Any CPU.ActiveCfg = Release|Any CPU
		{66BDB47D-3F0A-4796-B7D3-7812A740E943}.Release|Any CPU.Build.0 = Release|Any CPU
	EndGlobalSection
	GlobalSection(SolutionProperties) = preSolution
		HideSolutionNode = FALSE
	EndGlobalSection
	GlobalSection(ExtensibilityGlobals) = postSolution
		SolutionGuid = {370A3C84-F7A3-4FE6-91E0-34A6468A8D2D}
	EndGlobalSection
EndGlobal
